// !$*UTF8*$!
{
	archiveVersion = 1;
	classes = {
	};
	objectVersion = 50;
	objects = {

/* Begin PBXBuildFile section */
		491A4AAD23203FC200FFEA06 /* AppDelegate.swift in Sources */ = {isa = PBXBuildFile; fileRef = 491A4AAC23203FC200FFEA06 /* AppDelegate.swift */; };
		491A4AAF23203FC200FFEA06 /* ViewController.swift in Sources */ = {isa = PBXBuildFile; fileRef = 491A4AAE23203FC200FFEA06 /* ViewController.swift */; };
		491A4AB223203FC200FFEA06 /* Main.storyboard in Resources */ = {isa = PBXBuildFile; fileRef = 491A4AB023203FC200FFEA06 /* Main.storyboard */; };
		491A4AB423203FC200FFEA06 /* Assets.xcassets in Resources */ = {isa = PBXBuildFile; fileRef = 491A4AB323203FC200FFEA06 /* Assets.xcassets */; };
		491A4AB723203FC200FFEA06 /* LaunchScreen.storyboard in Resources */ = {isa = PBXBuildFile; fileRef = 491A4AB523203FC200FFEA06 /* LaunchScreen.storyboard */; };
		491A4AC0232040CC00FFEA06 /* TableViewCell.swift in Sources */ = {isa = PBXBuildFile; fileRef = 491A4ABE232040CC00FFEA06 /* TableViewCell.swift */; };
		491A4AC1232040CC00FFEA06 /* TableViewCell.xib in Resources */ = {isa = PBXBuildFile; fileRef = 491A4ABF232040CC00FFEA06 /* TableViewCell.xib */; };
		491A4AC32320827300FFEA06 /* FetchingViewController.swift in Sources */ = {isa = PBXBuildFile; fileRef = 491A4AC22320827300FFEA06 /* FetchingViewController.swift */; };
		491A4AC52320B22D00FFEA06 /* ModelView.swift in Sources */ = {isa = PBXBuildFile; fileRef = 491A4AC42320B22D00FFEA06 /* ModelView.swift */; };
/* End PBXBuildFile section */

/* Begin PBXFileReference section */
		491A4AA923203FC200FFEA06 /* Class_assesement.app */ = {isa = PBXFileReference; explicitFileType = wrapper.application; includeInIndex = 0; path = Class_assesement.app; sourceTree = BUILT_PRODUCTS_DIR; };
		491A4AAC23203FC200FFEA06 /* AppDelegate.swift */ = {isa = PBXFileReference; lastKnownFileType = sourcecode.swift; path = AppDelegate.swift; sourceTree = "<group>"; };
		491A4AAE23203FC200FFEA06 /* ViewController.swift */ = {isa = PBXFileReference; lastKnownFileType = sourcecode.swift; path = ViewController.swift; sourceTree = "<group>"; };
		491A4AB123203FC200FFEA06 /* Base */ = {isa = PBXFileReference; lastKnownFileType = file.storyboard; name = Base; path = Base.lproj/Main.storyboard; sourceTree = "<group>"; };
		491A4AB323203FC200FFEA06 /* Assets.xcassets */ = {isa = PBXFileReference; lastKnownFileType = folder.assetcatalog; path = Assets.xcassets; sourceTree = "<group>"; };
		491A4AB623203FC200FFEA06 /* Base */ = {isa = PBXFileReference; lastKnownFileType = file.storyboard; name = Base; path = Base.lproj/LaunchScreen.storyboard; sourceTree = "<group>"; };
		491A4AB823203FC200FFEA06 /* Info.plist */ = {isa = PBXFileReference; lastKnownFileType = text.plist.xml; path = Info.plist; sourceTree = "<group>"; };
		491A4ABE232040CC00FFEA06 /* TableViewCell.swift */ = {isa = PBXFileReference; lastKnownFileType = sourcecode.swift; path = TableViewCell.swift; sourceTree = "<group>"; };
		491A4ABF232040CC00FFEA06 /* TableViewCell.xib */ = {isa = PBXFileReference; lastKnownFileType = file.xib; path = TableViewCell.xib; sourceTree = "<group>"; };
		491A4AC22320827300FFEA06 /* FetchingViewController.swift */ = {isa = PBXFileReference; lastKnownFileType = sourcecode.swift; path = FetchingViewController.swift; sourceTree = "<group>"; };
		491A4AC42320B22D00FFEA06 /* ModelView.swift */ = {isa = PBXFileReference; lastKnownFileType = sourcecode.swift; path = ModelView.swift; sourceTree = "<group>"; };
/* End PBXFileReference section */

/* Begin PBXFrameworksBuildPhase section */
		491A4AA623203FC200FFEA06 /* Frameworks */ = {
			isa = PBXFrameworksBuildPhase;
			buildActionMask = 2147483647;
			files = (
			);
			runOnlyForDeploymentPostprocessing = 0;
		};
/* End PBXFrameworksBuildPhase section */

/* Begin PBXGroup section */
		491A4AA023203FC200FFEA06 = {
			isa = PBXGroup;
			children = (
				491A4AAB23203FC200FFEA06 /* Class_assesement */,
				491A4AAA23203FC200FFEA06 /* Products */,
			);
			sourceTree = "<group>";
		};
		491A4AAA23203FC200FFEA06 /* Products */ = {
			isa = PBXGroup;
			children = (
				491A4AA923203FC200FFEA06 /* Class_assesement.app */,
			);
			name = Products;
			sourceTree = "<group>";
		};
		491A4AAB23203FC200FFEA06 /* Class_assesement */ = {
			isa = PBXGroup;
			children = (
				49FDB1EB2320BD1A005B6114 /* ViewModelFiles */,
				49FDB1EA2320BCC1005B6114 /* ViewFiles */,
				49FDB1E92320BC9B005B6114 /* ControllerFiles */,
				49FDB1E82320BC5D005B6114 /* ModelFiles */,
				491A4AB323203FC200FFEA06 /* Assets.xcassets */,
				491A4AB523203FC200FFEA06 /* LaunchScreen.storyboard */,
				491A4AB823203FC200FFEA06 /* Info.plist */,
			);
			path = Class_assesement;
			sourceTree = "<group>";
		};
		49FDB1E82320BC5D005B6114 /* ModelFiles */ = {
			isa = PBXGroup;
			children = (
				491A4AAC23203FC200FFEA06 /* AppDelegate.swift */,
				491A4AC42320B22D00FFEA06 /* ModelView.swift */,
			);
			path = ModelFiles;
			sourceTree = "<group>";
		};
		49FDB1E92320BC9B005B6114 /* ControllerFiles */ = {
			isa = PBXGroup;
			children = (
				491A4AAE23203FC200FFEA06 /* ViewController.swift */,
				491A4AC22320827300FFEA06 /* FetchingViewController.swift */,
			);
			path = ControllerFiles;
			sourceTree = "<group>";
		};
		49FDB1EA2320BCC1005B6114 /* ViewFiles */ = {
			isa = PBXGroup;
			children = (
				491A4AB023203FC200FFEA06 /* Main.storyboard */,
			);
			path = ViewFiles;
			sourceTree = "<group>";
		};
		49FDB1EB2320BD1A005B6114 /* ViewModelFiles */ = {
			isa = PBXGroup;
			children = (
				491A4ABE232040CC00FFEA06 /* TableViewCell.swift */,
				491A4ABF232040CC00FFEA06 /* TableViewCell.xib */,
			);
			path = ViewModelFiles;
			sourceTree = "<group>";
		};
/* End PBXGroup section */

/* Begin PBXNativeTarget section */
		491A4AA823203FC200FFEA06 /* Class_assesement */ = {
			isa = PBXNativeTarget;
			buildConfigurationList = 491A4ABB23203FC200FFEA06 /* Build configuration list for PBXNativeTarget "Class_assesement" */;
			buildPhases = (
				491A4AA523203FC200FFEA06 /* Sources */,
				491A4AA623203FC200FFEA06 /* Frameworks */,
				491A4AA723203FC200FFEA06 /* Resources */,
			);
			buildRules = (
			);
			dependencies = (
			);
			name = Class_assesement;
			productName = Class_assesement;
			productReference = 491A4AA923203FC200FFEA06 /* Class_assesement.app */;
			productType = "com.apple.product-type.application";
		};
/* End PBXNativeTarget section */

/* Begin PBXProject section */
		491A4AA123203FC200FFEA06 /* Project object */ = {
			isa = PBXProject;
			attributes = {
				LastSwiftUpdateCheck = 1020;
				LastUpgradeCheck = 1020;
				ORGANIZATIONNAME = com.phani;
				TargetAttributes = {
					491A4AA823203FC200FFEA06 = {
						CreatedOnToolsVersion = 10.2;
					};
				};
			};
			buildConfigurationList = 491A4AA423203FC200FFEA06 /* Build configuration list for PBXProject "Class_assesement" */;
			compatibilityVersion = "Xcode 9.3";
			developmentRegion = en;
			hasScannedForEncodings = 0;
			knownRegions = (
				en,
				Base,
			);
			mainGroup = 491A4AA023203FC200FFEA06;
			productRefGroup = 491A4AAA23203FC200FFEA06 /* Products */;
			projectDirPath = "";
			projectRoot = "";
			targets = (
				491A4AA823203FC200FFEA06 /* Class_assesement */,
			);
		};
/* End PBXProject section */

/* Begin PBXResourcesBuildPhase section */
		491A4AA723203FC200FFEA06 /* Resources */ = {
			isa = PBXResourcesBuildPhase;
			buildActionMask = 2147483647;
			files = (
				491A4AB723203FC200FFEA06 /* LaunchScreen.storyboard in Resources */,
				491A4AC1232040CC00FFEA06 /* TableViewCell.xib in Resources */,
				491A4AB423203FC200FFEA06 /* Assets.xcassets in Resources */,
				491A4AB223203FC200FFEA06 /* Main.storyboard in Resources */,
			);
			runOnlyForDeploymentPostprocessing = 0;
		};
/* End PBXResourcesBuildPhase section */

/* Begin PBXSourcesBuildPhase section */
		491A4AA523203FC200FFEA06 /* Sources */ = {
			isa = PBXSourcesBuildPhase;
			buildActionMask = 2147483647;
			files = (
				491A4AC0232040CC00FFEA06 /* TableViewCell.swift in Sources */,
				491A4AAF23203FC200FFEA06 /* ViewController.swift in Sources */,
				491A4AC32320827300FFEA06 /* FetchingViewController.swift in Sources */,
				491A4AAD23203FC200FFEA06 /* AppDelegate.swift in Sources */,
				491A4AC52320B22D00FFEA06 /* ModelView.swift in Sources */,
			);
			runOnlyForDeploymentPostprocessing = 0;
		};
/* End PBXSourcesBuildPhase section */

/* Begin PBXVariantGroup section */
		491A4AB023203FC200FFEA06 /* Main.storyboard */ = {
			isa = PBXVariantGroup;
			children = (
				491A4AB123203FC200FFEA06 /* Base */,
			);
			name = Main.storyboard;
			sourceTree = "<group>";
		};
		491A4AB523203FC200FFEA06 /* LaunchScreen.storyboard */ = {
			isa = PBXVariantGroup;
			children = (
				491A4AB623203FC200FFEA06 /* Base */,
			);
			name = LaunchScreen.storyboard;
			sourceTree = "<group>";
		};
/* End PBXVariantGroup section */

/* Begin XCBuildConfiguration section */
		491A4AB923203FC200FFEA06 /* Debug */ = {
			isa = XCBuildConfiguration;
			buildSettings = {
				ALWAYS_SEARCH_USER_PATHS = NO;
				CLANG_ANALYZER_NONNULL = YES;
				CLANG_ANALYZER_NUMBER_OBJECT_CONVERSION = YES_AGGRESSIVE;
				CLANG_CXX_LANGUAGE_STANDARD = "gnu++14";
				CLANG_CXX_LIBRARY = "libc++";
				CLANG_ENABLE_MODULES = YES;
				CLANG_ENABLE_OBJC_ARC = YES;
				CLANG_ENABLE_OBJC_WEAK = YES;
				CLANG_WARN_BLOCK_CAPTURE_AUTORELEASING = YES;
				CLANG_WARN_BOOL_CONVERSION = YES;
				CLANG_WARN_COMMA = YES;
				CLANG_WARN_CONSTANT_CONVERSION = YES;
				CLANG_WARN_DEPRECATED_OBJC_IMPLEMENTATIONS = YES;
				CLANG_WARN_DIRECT_OBJC_ISA_USAGE = YES_ERROR;
				CLANG_WARN_DOCUMENTATION_COMMENTS = YES;
				CLANG_WARN_EMPTY_BODY = YES;
				CLANG_WARN_ENUM_CONVERSION = YES;
				CLANG_WARN_INFINITE_RECURSION = YES;
				CLANG_WARN_INT_CONVERSION = YES;
				CLANG_WARN_NON_LITERAL_NULL_CONVERSION = YES;
				CLANG_WARN_OBJC_IMPLICIT_RETAIN_SELF = YES;
				CLANG_WARN_OBJC_LITERAL_CONVERSION = YES;
				CLANG_WARN_OBJC_ROOT_CLASS = YES_ERROR;
				CLANG_WARN_RANGE_LOOP_ANALYSIS = YES;
				CLANG_WARN_STRICT_PROTOTYPES = YES;
				CLANG_WARN_SUSPICIOUS_MOVE = YES;
				CLANG_WARN_UNGUARDED_AVAILABILITY = YES_AGGRESSIVE;
				CLANG_WARN_UNREACHABLE_CODE = YES;
				CLANG_WARN__DUPLICATE_METHOD_MATCH = YES;
				CODE_SIGN_IDENTITY = "iPhone Developer";
				COPY_PHASE_STRIP = NO;
				DEBUG_INFORMATION_FORMAT = dwarf;
				ENABLE_STRICT_OBJC_MSGSEND = YES;
				ENABLE_TESTABILITY = YES;
				GCC_C_LANGUAGE_STANDARD = gnu11;
				GCC_DYNAMIC_NO_PIC = NO;
				GCC_NO_COMMON_BLOCKS = YES;
				GCC_OPTIMIZATION_LEVEL = 0;
				GCC_PREPROCESSOR_DEFINITIONS = (
					"DEBUG=1",
					"$(inherited)",
				);
				GCC_WARN_64_TO_32_BIT_CONVERSION = YES;
				GCC_WARN_ABOUT_RETURN_TYPE = YES_ERROR;
				GCC_WARN_UNDECLARED_SELECTOR = YES;
				GCC_WARN_UNINITIALIZED_AUTOS = YES_AGGRESSIVE;
				GCC_WARN_UNUSED_FUNCTION = YES;
				GCC_WARN_UNUSED_VARIABLE = YES;
				IPHONEOS_DEPLOYMENT_TARGET = 12.2;
				MTL_ENABLE_DEBUG_INFO = INCLUDE_SOURCE;
				MTL_FAST_MATH = YES;
				ONLY_ACTIVE_ARCH = YES;
				SDKROOT = iphoneos;
				SWIFT_ACTIVE_COMPILATION_CONDITIONS = DEBUG;
				SWIFT_OPTIMIZATION_LEVEL = "-Onone";
			};
			name = Debug;
		};
		491A4ABA23203FC200FFEA06 /* Release */ = {
			isa = XCBuildConfiguration;
			buildSettings = {
				ALWAYS_SEARCH_USER_PATHS = NO;
				CLANG_ANALYZER_NONNULL = YES;
				CLANG_ANALYZER_NUMBER_OBJECT_CONVERSION = YES_AGGRESSIVE;
				CLANG_CXX_LANGUAGE_STANDARD = "gnu++14";
				CLANG_CXX_LIBRARY = "libc++";
				CLANG_ENABLE_MODULES = YES;
				CLANG_ENABLE_OBJC_ARC = YES;
				CLANG_ENABLE_OBJC_WEAK = YES;
				CLANG_WARN_BLOCK_CAPTURE_AUTORELEASING = YES;
				CLANG_WARN_BOOL_CONVERSION = YES;
				CLANG_WARN_COMMA = YES;
				CLANG_WARN_CONSTANT_CONVERSION = YES;
				CLANG_WARN_DEPRECATED_OBJC_IMPLEMENTATIONS = YES;
				CLANG_WARN_DIRECT_OBJC_ISA_USAGE = YES_ERROR;
				CLANG_WARN_DOCUMENTATION_COMMENTS = YES;
				CLANG_WARN_EMPTY_BODY = YES;
				CLANG_WARN_ENUM_CONVERSION = YES;
				CLANG_WARN_INFINITE_RECURSION = YES;
				CLANG_WARN_INT_CONVERSION = YES;
				CLANG_WARN_NON_LITERAL_NULL_CONVERSION = YES;
				CLANG_WARN_OBJC_IMPLICIT_RETAIN_SELF = YES;
				CLANG_WARN_OBJC_LITERAL_CONVERSION = YES;
				CLANG_WARN_OBJC_ROOT_CLASS = YES_ERROR;
				CLANG_WARN_RANGE_LOOP_ANALYSIS = YES;
				CLANG_WARN_STRICT_PROTOTYPES = YES;
				CLANG_WARN_SUSPICIOUS_MOVE = YES;
				CLANG_WARN_UNGUARDED_AVAILABILITY = YES_AGGRESSIVE;
				CLANG_WARN_UNREACHABLE_CODE = YES;
				CLANG_WARN__DUPLICATE_METHOD_MATCH = YES;
				CODE_SIGN_IDENTITY = "iPhone Developer";
				COPY_PHASE_STRIP = NO;
				DEBUG_INFORMATION_FORMAT = "dwarf-with-dsym";
				ENABLE_NS_ASSERTIONS = NO;
				ENABLE_STRICT_OBJC_MSGSEND = YES;
				GCC_C_LANGUAGE_STANDARD = gnu11;
				GCC_NO_COMMON_BLOCKS = YES;
				GCC_WARN_64_TO_32_BIT_CONVERSION = YES;
				GCC_WARN_ABOUT_RETURN_TYPE = YES_ERROR;
				GCC_WARN_UNDECLARED_SELECTOR = YES;
				GCC_WARN_UNINITIALIZED_AUTOS = YES_AGGRESSIVE;
				GCC_WARN_UNUSED_FUNCTION = YES;
				GCC_WARN_UNUSED_VARIABLE = YES;
				IPHONEOS_DEPLOYMENT_TARGET = 12.2;
				MTL_ENABLE_DEBUG_INFO = NO;
				MTL_FAST_MATH = YES;
				SDKROOT = iphoneos;
				SWIFT_COMPILATION_MODE = wholemodule;
				SWIFT_OPTIMIZATION_LEVEL = "-O";
				VALIDATE_PRODUCT = YES;
			};
			name = Release;
		};
		491A4ABC23203FC200FFEA06 /* Debug */ = {
			isa = XCBuildConfiguration;
			buildSettings = {
				ASSETCATALOG_COMPILER_APPICON_NAME = AppIcon;
				CODE_SIGN_STYLE = Automatic;
				INFOPLIST_FILE = Class_assesement/Info.plist;
				LD_RUNPATH_SEARCH_PATHS = (
					"$(inherited)",
					"@executable_path/Frameworks",
				);
				PRODUCT_BUNDLE_IDENTIFIER = "com.phani.Class-assesement";
				PRODUCT_NAME = "$(TARGET_NAME)";
				SWIFT_VERSION = 5.0;
				TARGETED_DEVICE_FAMILY = "1,2";
			};
			name = Debug;
		};
		491A4ABD23203FC200FFEA06 /* Release */ = {
			isa = XCBuildConfiguration;
			buildSettings = {
				ASSETCATALOG_COMPILER_APPICON_NAME = AppIcon;
				CODE_SIGN_STYLE = Automatic;
				INFOPLIST_FILE = Class_assesement/Info.plist;
				LD_RUNPATH_SEARCH_PATHS = (
					"$(inherited)",
					"@executable_path/Frameworks",
				);
				PRODUCT_BUNDLE_IDENTIFIER = "com.phani.Class-assesement";
				PRODUCT_NAME = "$(TARGET_NAME)";
				SWIFT_VERSION = 5.0;
				TARGETED_DEVICE_FAMILY = "1,2";
			};
			name = Release;
		};
/* End XCBuildConfiguration section */

/* Begin XCConfigurationList section */
		491A4AA423203FC200FFEA06 /* Build configuration list for PBXProject "Class_assesement" */ = {
			isa = XCConfigurationList;
			buildConfigurations = (
				491A4AB923203FC200FFEA06 /* Debug */,
				491A4ABA23203FC200FFEA06 /* Release */,
			);
			defaultConfigurationIsVisible = 0;
			defaultConfigurationName = Release;
		};
		491A4ABB23203FC200FFEA06 /* Build configuration list for PBXNativeTarget "Class_assesement" */ = {
			isa = XCConfigurationList;
			buildConfigurations = (
				491A4ABC23203FC200FFEA06 /* Debug */,
				491A4ABD23203FC200FFEA06 /* Release */,
			);
			defaultConfigurationIsVisible = 0;
			defaultConfigurationName = Release;
		};
/* End XCConfigurationList section */
	};
	rootObject = 491A4AA123203FC200FFEA06 /* Project object */;
}
